# This file is automatically @generated by Cargo.
# It is not intended for manual editing.
version = 4

[[package]]
name = "Apex"
version = "0.1.0"
dependencies = [
 "maths_toolbox",
 "simulation_toolbox",
]

[[package]]
name = "maths_toolbox"
version = "0.1.0"

[[package]]
name = "simulation_toolbox"
version = "0.1.0"
